
Microsoft Visual Studio Solution File, Format Version 12.00
# Visual Studio Version 17
VisualStudioVersion = 17.11.35327.3
MinimumVisualStudioVersion = 10.0.40219.1
Project("{9A19103F-16F7-4668-BE54-9A1E7A4F7556}") = "BlazorAppComunicationWebSocket", "BlazorAppComunicationWebSocket.csproj", "{27803E94-23AA-4EFF-A273-E6A810F004A0}"
EndProject
Global
	GlobalSection(SolutionConfigurationPlatforms) = preSolution
		Debug|Any CPU = Debug|Any CPU
		Release|Any CPU = Release|Any CPU
	EndGlobalSection
	GlobalSection(ProjectConfigurationPlatforms) = postSolution
		{27803E94-23AA-4EFF-A273-E6A810F004A0}.Debug|Any CPU.ActiveCfg = Debug|Any CPU
		{27803E94-23AA-4EFF-A273-E6A810F004A0}.Debug|Any CPU.Build.0 = Debug|Any CPU
		{27803E94-23AA-4EFF-A273-E6A810F004A0}.Release|Any CPU.ActiveCfg = Release|Any CPU
		{27803E94-23AA-4EFF-A273-E6A810F004A0}.Release|Any CPU.Build.0 = Release|Any CPU
	EndGlobalSection
	GlobalSection(SolutionProperties) = preSolution
		HideSolutionNode = FALSE
	EndGlobalSection
	GlobalSection(ExtensibilityGlobals) = postSolution
		SolutionGuid = {90191277-BE1E-4E70-8E3D-27DC42294CEB}
	EndGlobalSection
EndGlobal
